PODS:
  - BLoger (2.0.0):
    - CocoaLumberjack/Swift
    - SnapKit
  - CocoaLumberjack/Core (3.6.1)
  - CocoaLumberjack/Swift (3.6.1):
    - CocoaLumberjack/Core
  - SnapKit (4.2.0)

DEPENDENCIES:
  - BLoger (from `../`)
  - CocoaLumberjack/Swift
  - SnapKit

SPEC REPOS:
  https://github.com/CocoaPods/Specs.git:
    - CocoaLumberjack
    - SnapKit

EXTERNAL SOURCES:
  BLoger:
    :path: "../"

SPEC CHECKSUMS:
  BLoger: 0e97eb65ca171a64f801d2b4209ff09b0192dc13
  CocoaLumberjack: b17ae15142558d08bbacf69775fa10c4abbebcc9
  SnapKit: fe8a619752f3f27075cc9a90244d75c6c3f27e2a

PODFILE CHECKSUM: 56a5e4ca960f1aef917422b02fc0246db4e4975e

COCOAPODS: 1.9.1
